
Microsoft Visual Studio Solution File, Format Version 12.00
# Visual Studio Version 16
VisualStudioVersion = 16.0.31205.134
MinimumVisualStudioVersion = 10.0.40219.1
Project("{FAE04EC0-301F-11D3-BF4B-00C04F79EFBC}") = "SethBlog", "SethBlog\SethBlog.csproj", "{D6D03502-71D4-40AA-9C05-D89B387659C6}"
EndProject
Global
	GlobalSection(SolutionConfigurationPlatforms) = preSolution
		Debug|Any CPU = Debug|Any CPU
		Release|Any CPU = Release|Any CPU
	EndGlobalSection
	GlobalSection(ProjectConfigurationPlatforms) = postSolution
		{D6D03502-71D4-40AA-9C05-D89B387659C6}.Debug|Any CPU.ActiveCfg = Debug|Any CPU
		{D6D03502-71D4-40AA-9C05-D89B387659C6}.Debug|Any CPU.Build.0 = Debug|Any CPU
		{D6D03502-71D4-40AA-9C05-D89B387659C6}.Release|Any CPU.ActiveCfg = Release|Any CPU
		{D6D03502-71D4-40AA-9C05-D89B387659C6}.Release|Any CPU.Build.0 = Release|Any CPU
	EndGlobalSection
	GlobalSection(SolutionProperties) = preSolution
		HideSolutionNode = FALSE
	EndGlobalSection
	GlobalSection(ExtensibilityGlobals) = postSolution
		SolutionGuid = {C10CE73D-F934-4DA6-8BDA-91AD9F830869}
	EndGlobalSection
EndGlobal
